
Microsoft Visual Studio Solution File, Format Version 12.00
Project("{FAE04EC0-301F-11D3-BF4B-00C04F79EFBC}") = "ImageResizer", "ImageResizer.csproj", "{AEE7890B-1CEE-423E-B38D-6388F3D43BE9}"
EndProject
Global
	GlobalSection(SolutionConfigurationPlatforms) = preSolution
		Debug|Any CPU = Debug|Any CPU
		Release|Any CPU = Release|Any CPU
	EndGlobalSection
	GlobalSection(ProjectConfigurationPlatforms) = postSolution
		{AEE7890B-1CEE-423E-B38D-6388F3D43BE9}.Debug|Any CPU.ActiveCfg = Debug|Any CPU
		{AEE7890B-1CEE-423E-B38D-6388F3D43BE9}.Debug|Any CPU.Build.0 = Debug|Any CPU
		{AEE7890B-1CEE-423E-B38D-6388F3D43BE9}.Release|Any CPU.ActiveCfg = Release|Any CPU
		{AEE7890B-1CEE-423E-B38D-6388F3D43BE9}.Release|Any CPU.Build.0 = Release|Any CPU
	EndGlobalSection
EndGlobal
